
Microsoft Visual Studio Solution File, Format Version 12.00
# Visual Studio Version 17
VisualStudioVersion = 17.5.33414.496
MinimumVisualStudioVersion = 10.0.40219.1
Project("{FAE04EC0-301F-11D3-BF4B-00C04F79EFBC}") = "Project1", "Project1\Project1.csproj", "{9FBCEA2A-C805-46AB-A100-9E1FBA25014D}"
EndProject
Global
	GlobalSection(SolutionConfigurationPlatforms) = preSolution
		Debug|Any CPU = Debug|Any CPU
		Release|Any CPU = Release|Any CPU
	EndGlobalSection
	GlobalSection(ProjectConfigurationPlatforms) = postSolution
		{9FBCEA2A-C805-46AB-A100-9E1FBA25014D}.Debug|Any CPU.ActiveCfg = Debug|Any CPU
		{9FBCEA2A-C805-46AB-A100-9E1FBA25014D}.Debug|Any CPU.Build.0 = Debug|Any CPU
		{9FBCEA2A-C805-46AB-A100-9E1FBA25014D}.Release|Any CPU.ActiveCfg = Release|Any CPU
		{9FBCEA2A-C805-46AB-A100-9E1FBA25014D}.Release|Any CPU.Build.0 = Release|Any CPU
	EndGlobalSection
	GlobalSection(SolutionProperties) = preSolution
		HideSolutionNode = FALSE
	EndGlobalSection
	GlobalSection(ExtensibilityGlobals) = postSolution
		SolutionGuid = {525053E2-B5F8-4239-AD11-20D86718F447}
	EndGlobalSection
EndGlobal
